
Microsoft Visual Studio Solution File, Format Version 12.00
# Visual Studio 15
VisualStudioVersion = 15.0.28010.2048
MinimumVisualStudioVersion = 10.0.40219.1
Project("{FAE04EC0-301F-11D3-BF4B-00C04F79EFBC}") = "Introduction", "Introduction\Introduction.csproj", "{BC5F1935-F498-4003-BE59-45244D76B5AA}"
EndProject
Project("{FAE04EC0-301F-11D3-BF4B-00C04F79EFBC}") = "Features", "Features\Features.csproj", "{C6210F19-6EB4-4363-B484-9DE163BBBD76}"
EndProject
Project("{FAE04EC0-301F-11D3-BF4B-00C04F79EFBC}") = "Queries", "Queries\Queries.csproj", "{B95160FE-429D-4F18-AE3F-8299530DB7B2}"
EndProject
Global
	GlobalSection(SolutionConfigurationPlatforms) = preSolution
		Debug|Any CPU = Debug|Any CPU
		Release|Any CPU = Release|Any CPU
	EndGlobalSection
	GlobalSection(ProjectConfigurationPlatforms) = postSolution
		{BC5F1935-F498-4003-BE59-45244D76B5AA}.Debug|Any CPU.ActiveCfg = Debug|Any CPU
		{BC5F1935-F498-4003-BE59-45244D76B5AA}.Debug|Any CPU.Build.0 = Debug|Any CPU
		{BC5F1935-F498-4003-BE59-45244D76B5AA}.Release|Any CPU.ActiveCfg = Release|Any CPU
		{BC5F1935-F498-4003-BE59-45244D76B5AA}.Release|Any CPU.Build.0 = Release|Any CPU
		{C6210F19-6EB4-4363-B484-9DE163BBBD76}.Debug|Any CPU.ActiveCfg = Debug|Any CPU
		{C6210F19-6EB4-4363-B484-9DE163BBBD76}.Debug|Any CPU.Build.0 = Debug|Any CPU
		{C6210F19-6EB4-4363-B484-9DE163BBBD76}.Release|Any CPU.ActiveCfg = Release|Any CPU
		{C6210F19-6EB4-4363-B484-9DE163BBBD76}.Release|Any CPU.Build.0 = Release|Any CPU
		{B95160FE-429D-4F18-AE3F-8299530DB7B2}.Debug|Any CPU.ActiveCfg = Debug|Any CPU
		{B95160FE-429D-4F18-AE3F-8299530DB7B2}.Debug|Any CPU.Build.0 = Debug|Any CPU
		{B95160FE-429D-4F18-AE3F-8299530DB7B2}.Release|Any CPU.ActiveCfg = Release|Any CPU
		{B95160FE-429D-4F18-AE3F-8299530DB7B2}.Release|Any CPU.Build.0 = Release|Any CPU
	EndGlobalSection
	GlobalSection(SolutionProperties) = preSolution
		HideSolutionNode = FALSE
	EndGlobalSection
	GlobalSection(ExtensibilityGlobals) = postSolution
		SolutionGuid = {4F49B12E-89D4-48D8-ADAA-D18F077D7611}
	EndGlobalSection
EndGlobal
